
Microsoft Visual Studio Solution File, Format Version 12.00
# Visual Studio Version 17
VisualStudioVersion = 17.14.36202.13 d17.14
MinimumVisualStudioVersion = 10.0.40219.1
Project("{FAE04EC0-301F-11D3-BF4B-00C04F79EFBC}") = "back-end", "back-end.csproj", "{003ED69D-E366-46BB-83D6-5CD8D90AA6F2}"
EndProject
Global
	GlobalSection(SolutionConfigurationPlatforms) = preSolution
		Debug|Any CPU = Debug|Any CPU
		Release|Any CPU = Release|Any CPU
	EndGlobalSection
	GlobalSection(ProjectConfigurationPlatforms) = postSolution
		{003ED69D-E366-46BB-83D6-5CD8D90AA6F2}.Debug|Any CPU.ActiveCfg = Debug|Any CPU
		{003ED69D-E366-46BB-83D6-5CD8D90AA6F2}.Debug|Any CPU.Build.0 = Debug|Any CPU
		{003ED69D-E366-46BB-83D6-5CD8D90AA6F2}.Release|Any CPU.ActiveCfg = Release|Any CPU
		{003ED69D-E366-46BB-83D6-5CD8D90AA6F2}.Release|Any CPU.Build.0 = Release|Any CPU
	EndGlobalSection
	GlobalSection(SolutionProperties) = preSolution
		HideSolutionNode = FALSE
	EndGlobalSection
	GlobalSection(ExtensibilityGlobals) = postSolution
		SolutionGuid = {0FE7D6F5-EE9F-492E-A770-3372F4261852}
	EndGlobalSection
EndGlobal
